// !$*UTF8*$!
{
	archiveVersion = 1;
	classes = {
	};
	objectVersion = 52;
	objects = {

/* Begin PBXBuildFile section */
		53C4598026112D30002CE034 /* CovidAppApp.swift in Sources */ = {isa = PBXBuildFile; fileRef = 53C4597F26112D30002CE034 /* CovidAppApp.swift */; };
		53C4598226112D30002CE034 /* ListView.swift in Sources */ = {isa = PBXBuildFile; fileRef = 53C4598126112D30002CE034 /* ListView.swift */; };
		53C4598426112D31002CE034 /* Assets.xcassets in Resources */ = {isa = PBXBuildFile; fileRef = 53C4598326112D31002CE034 /* Assets.xcassets */; };
		53C4598726112D31002CE034 /* Preview Assets.xcassets in Resources */ = {isa = PBXBuildFile; fileRef = 53C4598626112D31002CE034 /* Preview Assets.xcassets */; };
		53C4599226112E5B002CE034 /* Alamofire in Frameworks */ = {isa = PBXBuildFile; productRef = 53C4599126112E5B002CE034 /* Alamofire */; };
		53C4599626112F58002CE034 /* SwiftyJSON in Frameworks */ = {isa = PBXBuildFile; productRef = 53C4599526112F58002CE034 /* SwiftyJSON */; };
		53C4599A26112FCC002CE034 /* Kingfisher in Frameworks */ = {isa = PBXBuildFile; productRef = 53C4599926112FCC002CE034 /* Kingfisher */; };
		53C4599E26112FF3002CE034 /* SwiftUICharts in Frameworks */ = {isa = PBXBuildFile; productRef = 53C4599D26112FF3002CE034 /* SwiftUICharts */; };
		53C459A2261130B4002CE034 /* Roboto-Regular.ttf in Resources */ = {isa = PBXBuildFile; fileRef = 53C459A1261130B4002CE034 /* Roboto-Regular.ttf */; };
		53C459A526113107002CE034 /* Fonts.swift in Sources */ = {isa = PBXBuildFile; fileRef = 53C459A426113107002CE034 /* Fonts.swift */; };
/* End PBXBuildFile section */

/* Begin PBXFileReference section */
		53C4597C26112D30002CE034 /* CovidApp.app */ = {isa = PBXFileReference; explicitFileType = wrapper.application; includeInIndex = 0; path = CovidApp.app; sourceTree = BUILT_PRODUCTS_DIR; };
		53C4597F26112D30002CE034 /* CovidAppApp.swift */ = {isa = PBXFileReference; lastKnownFileType = sourcecode.swift; path = CovidAppApp.swift; sourceTree = "<group>"; };
		53C4598126112D30002CE034 /* ListView.swift */ = {isa = PBXFileReference; lastKnownFileType = sourcecode.swift; path = ListView.swift; sourceTree = "<group>"; };
		53C4598326112D31002CE034 /* Assets.xcassets */ = {isa = PBXFileReference; lastKnownFileType = folder.assetcatalog; path = Assets.xcassets; sourceTree = "<group>"; };
		53C4598626112D31002CE034 /* Preview Assets.xcassets */ = {isa = PBXFileReference; lastKnownFileType = folder.assetcatalog; path = "Preview Assets.xcassets"; sourceTree = "<group>"; };
		53C4598826112D31002CE034 /* Info.plist */ = {isa = PBXFileReference; lastKnownFileType = text.plist.xml; path = Info.plist; sourceTree = "<group>"; };
		53C459A1261130B4002CE034 /* Roboto-Regular.ttf */ = {isa = PBXFileReference; lastKnownFileType = file; path = "Roboto-Regular.ttf"; sourceTree = "<group>"; };
		53C459A426113107002CE034 /* Fonts.swift */ = {isa = PBXFileReference; lastKnownFileType = sourcecode.swift; path = Fonts.swift; sourceTree = "<group>"; };
		53C459A726113192002CE034 /* Roboto-Bold.ttf */ = {isa = PBXFileReference; lastKnownFileType = file; path = "Roboto-Bold.ttf"; sourceTree = "<group>"; };
		53C459A8261131D1002CE034 /* Roboto-Italic.ttf */ = {isa = PBXFileReference; lastKnownFileType = file; path = "Roboto-Italic.ttf"; sourceTree = "<group>"; };
/* End PBXFileReference section */

/* Begin PBXFrameworksBuildPhase section */
		53C4597926112D30002CE034 /* Frameworks */ = {
			isa = PBXFrameworksBuildPhase;
			buildActionMask = 2147483647;
			files = (
				53C4599A26112FCC002CE034 /* Kingfisher in Frameworks */,
				53C4599E26112FF3002CE034 /* SwiftUICharts in Frameworks */,
				53C4599626112F58002CE034 /* SwiftyJSON in Frameworks */,
				53C4599226112E5B002CE034 /* Alamofire in Frameworks */,
			);
			runOnlyForDeploymentPostprocessing = 0;
		};
/* End PBXFrameworksBuildPhase section */

/* Begin PBXGroup section */
		53C4597326112D30002CE034 = {
			isa = PBXGroup;
			children = (
				53C4597E26112D30002CE034 /* CovidApp */,
				53C4597D26112D30002CE034 /* Products */,
			);
			sourceTree = "<group>";
		};
		53C4597D26112D30002CE034 /* Products */ = {
			isa = PBXGroup;
			children = (
				53C4597C26112D30002CE034 /* CovidApp.app */,
			);
			name = Products;
			sourceTree = "<group>";
		};
		53C4597E26112D30002CE034 /* CovidApp */ = {
			isa = PBXGroup;
			children = (
				53C459A02611301C002CE034 /* Fonts */,
				53C4597F26112D30002CE034 /* CovidAppApp.swift */,
				53C4598126112D30002CE034 /* ListView.swift */,
				53C4598326112D31002CE034 /* Assets.xcassets */,
				53C4598826112D31002CE034 /* Info.plist */,
				53C4598526112D31002CE034 /* Preview Content */,
			);
			path = CovidApp;
			sourceTree = "<group>";
		};
		53C4598526112D31002CE034 /* Preview Content */ = {
			isa = PBXGroup;
			children = (
				53C4598626112D31002CE034 /* Preview Assets.xcassets */,
			);
			path = "Preview Content";
			sourceTree = "<group>";
		};
		53C459A02611301C002CE034 /* Fonts */ = {
			isa = PBXGroup;
			children = (
				53C459A8261131D1002CE034 /* Roboto-Italic.ttf */,
				53C459A726113192002CE034 /* Roboto-Bold.ttf */,
				53C459A1261130B4002CE034 /* Roboto-Regular.ttf */,
				53C459A426113107002CE034 /* Fonts.swift */,
			);
			path = Fonts;
			sourceTree = "<group>";
		};
/* End PBXGroup section */

/* Begin PBXNativeTarget section */
		53C4597B26112D30002CE034 /* CovidApp */ = {
			isa = PBXNativeTarget;
			buildConfigurationList = 53C4598B26112D31002CE034 /* Build configuration list for PBXNativeTarget "CovidApp" */;
			buildPhases = (
				53C4597826112D30002CE034 /* Sources */,
				53C4597926112D30002CE034 /* Frameworks */,
				53C4597A26112D30002CE034 /* Resources */,
			);
			buildRules = (
			);
			dependencies = (
			);
			name = CovidApp;
			packageProductDependencies = (
				53C4599126112E5B002CE034 /* Alamofire */,
				53C4599526112F58002CE034 /* SwiftyJSON */,
				53C4599926112FCC002CE034 /* Kingfisher */,
				53C4599D26112FF3002CE034 /* SwiftUICharts */,
			);
			productName = CovidApp;
			productReference = 53C4597C26112D30002CE034 /* CovidApp.app */;
			productType = "com.apple.product-type.application";
		};
/* End PBXNativeTarget section */

/* Begin PBXProject section */
		53C4597426112D30002CE034 /* Project object */ = {
			isa = PBXProject;
			attributes = {
				LastSwiftUpdateCheck = 1240;
				LastUpgradeCheck = 1240;
				TargetAttributes = {
					53C4597B26112D30002CE034 = {
						CreatedOnToolsVersion = 12.4;
					};
				};
			};
			buildConfigurationList = 53C4597726112D30002CE034 /* Build configuration list for PBXProject "CovidApp" */;
			compatibilityVersion = "Xcode 9.3";
			developmentRegion = en;
			hasScannedForEncodings = 0;
			knownRegions = (
				en,
				Base,
			);
			mainGroup = 53C4597326112D30002CE034;
			packageReferences = (
				53C4599026112E5B002CE034 /* XCRemoteSwiftPackageReference "Alamofire" */,
				53C4599426112F58002CE034 /* XCRemoteSwiftPackageReference "SwiftyJSON" */,
				53C4599826112FCC002CE034 /* XCRemoteSwiftPackageReference "Kingfisher" */,
				53C4599C26112FF3002CE034 /* XCRemoteSwiftPackageReference "ChartView" */,
			);
			productRefGroup = 53C4597D26112D30002CE034 /* Products */;
			projectDirPath = "";
			projectRoot = "";
			targets = (
				53C4597B26112D30002CE034 /* CovidApp */,
			);
		};
/* End PBXProject section */

/* Begin PBXResourcesBuildPhase section */
		53C4597A26112D30002CE034 /* Resources */ = {
			isa = PBXResourcesBuildPhase;
			buildActionMask = 2147483647;
			files = (
				53C459A2261130B4002CE034 /* Roboto-Regular.ttf in Resources */,
				53C4598726112D31002CE034 /* Preview Assets.xcassets in Resources */,
				53C4598426112D31002CE034 /* Assets.xcassets in Resources */,
			);
			runOnlyForDeploymentPostprocessing = 0;
		};
/* End PBXResourcesBuildPhase section */

/* Begin PBXSourcesBuildPhase section */
		53C4597826112D30002CE034 /* Sources */ = {
			isa = PBXSourcesBuildPhase;
			buildActionMask = 2147483647;
			files = (
				53C4598226112D30002CE034 /* ListView.swift in Sources */,
				53C459A526113107002CE034 /* Fonts.swift in Sources */,
				53C4598026112D30002CE034 /* CovidAppApp.swift in Sources */,
			);
			runOnlyForDeploymentPostprocessing = 0;
		};
/* End PBXSourcesBuildPhase section */

/* Begin XCBuildConfiguration section */
		53C4598926112D31002CE034 /* Debug */ = {
			isa = XCBuildConfiguration;
			buildSettings = {
				ALWAYS_SEARCH_USER_PATHS = NO;
				CLANG_ANALYZER_NONNULL = YES;
				CLANG_ANALYZER_NUMBER_OBJECT_CONVERSION = YES_AGGRESSIVE;
				CLANG_CXX_LANGUAGE_STANDARD = "gnu++14";
				CLANG_CXX_LIBRARY = "libc++";
				CLANG_ENABLE_MODULES = YES;
				CLANG_ENABLE_OBJC_ARC = YES;
				CLANG_ENABLE_OBJC_WEAK = YES;
				CLANG_WARN_BLOCK_CAPTURE_AUTORELEASING = YES;
				CLANG_WARN_BOOL_CONVERSION = YES;
				CLANG_WARN_COMMA = YES;
				CLANG_WARN_CONSTANT_CONVERSION = YES;
				CLANG_WARN_DEPRECATED_OBJC_IMPLEMENTATIONS = YES;
				CLANG_WARN_DIRECT_OBJC_ISA_USAGE = YES_ERROR;
				CLANG_WARN_DOCUMENTATION_COMMENTS = YES;
				CLANG_WARN_EMPTY_BODY = YES;
				CLANG_WARN_ENUM_CONVERSION = YES;
				CLANG_WARN_INFINITE_RECURSION = YES;
				CLANG_WARN_INT_CONVERSION = YES;
				CLANG_WARN_NON_LITERAL_NULL_CONVERSION = YES;
				CLANG_WARN_OBJC_IMPLICIT_RETAIN_SELF = YES;
				CLANG_WARN_OBJC_LITERAL_CONVERSION = YES;
				CLANG_WARN_OBJC_ROOT_CLASS = YES_ERROR;
				CLANG_WARN_QUOTED_INCLUDE_IN_FRAMEWORK_HEADER = YES;
				CLANG_WARN_RANGE_LOOP_ANALYSIS = YES;
				CLANG_WARN_STRICT_PROTOTYPES = YES;
				CLANG_WARN_SUSPICIOUS_MOVE = YES;
				CLANG_WARN_UNGUARDED_AVAILABILITY = YES_AGGRESSIVE;
				CLANG_WARN_UNREACHABLE_CODE = YES;
				CLANG_WARN__DUPLICATE_METHOD_MATCH = YES;
				COPY_PHASE_STRIP = NO;
				DEBUG_INFORMATION_FORMAT = dwarf;
				ENABLE_STRICT_OBJC_MSGSEND = YES;
				ENABLE_TESTABILITY = YES;
				GCC_C_LANGUAGE_STANDARD = gnu11;
				GCC_DYNAMIC_NO_PIC = NO;
				GCC_NO_COMMON_BLOCKS = YES;
				GCC_OPTIMIZATION_LEVEL = 0;
				GCC_PREPROCESSOR_DEFINITIONS = (
					"DEBUG=1",
					"$(inherited)",
				);
				GCC_WARN_64_TO_32_BIT_CONVERSION = YES;
				GCC_WARN_ABOUT_RETURN_TYPE = YES_ERROR;
				GCC_WARN_UNDECLARED_SELECTOR = YES;
				GCC_WARN_UNINITIALIZED_AUTOS = YES_AGGRESSIVE;
				GCC_WARN_UNUSED_FUNCTION = YES;
				GCC_WARN_UNUSED_VARIABLE = YES;
				IPHONEOS_DEPLOYMENT_TARGET = 14.4;
				MTL_ENABLE_DEBUG_INFO = INCLUDE_SOURCE;
				MTL_FAST_MATH = YES;
				ONLY_ACTIVE_ARCH = YES;
				SDKROOT = iphoneos;
				SWIFT_ACTIVE_COMPILATION_CONDITIONS = DEBUG;
				SWIFT_OPTIMIZATION_LEVEL = "-Onone";
			};
			name = Debug;
		};
		53C4598A26112D31002CE034 /* Release */ = {
			isa = XCBuildConfiguration;
			buildSettings = {
				ALWAYS_SEARCH_USER_PATHS = NO;
				CLANG_ANALYZER_NONNULL = YES;
				CLANG_ANALYZER_NUMBER_OBJECT_CONVERSION = YES_AGGRESSIVE;
				CLANG_CXX_LANGUAGE_STANDARD = "gnu++14";
				CLANG_CXX_LIBRARY = "libc++";
				CLANG_ENABLE_MODULES = YES;
				CLANG_ENABLE_OBJC_ARC = YES;
				CLANG_ENABLE_OBJC_WEAK = YES;
				CLANG_WARN_BLOCK_CAPTURE_AUTORELEASING = YES;
				CLANG_WARN_BOOL_CONVERSION = YES;
				CLANG_WARN_COMMA = YES;
				CLANG_WARN_CONSTANT_CONVERSION = YES;
				CLANG_WARN_DEPRECATED_OBJC_IMPLEMENTATIONS = YES;
				CLANG_WARN_DIRECT_OBJC_ISA_USAGE = YES_ERROR;
				CLANG_WARN_DOCUMENTATION_COMMENTS = YES;
				CLANG_WARN_EMPTY_BODY = YES;
				CLANG_WARN_ENUM_CONVERSION = YES;
				CLANG_WARN_INFINITE_RECURSION = YES;
				CLANG_WARN_INT_CONVERSION = YES;
				CLANG_WARN_NON_LITERAL_NULL_CONVERSION = YES;
				CLANG_WARN_OBJC_IMPLICIT_RETAIN_SELF = YES;
				CLANG_WARN_OBJC_LITERAL_CONVERSION = YES;
				CLANG_WARN_OBJC_ROOT_CLASS = YES_ERROR;
				CLANG_WARN_QUOTED_INCLUDE_IN_FRAMEWORK_HEADER = YES;
				CLANG_WARN_RANGE_LOOP_ANALYSIS = YES;
				CLANG_WARN_STRICT_PROTOTYPES = YES;
				CLANG_WARN_SUSPICIOUS_MOVE = YES;
				CLANG_WARN_UNGUARDED_AVAILABILITY = YES_AGGRESSIVE;
				CLANG_WARN_UNREACHABLE_CODE = YES;
				CLANG_WARN__DUPLICATE_METHOD_MATCH = YES;
				COPY_PHASE_STRIP = NO;
				DEBUG_INFORMATION_FORMAT = "dwarf-with-dsym";
				ENABLE_NS_ASSERTIONS = NO;
				ENABLE_STRICT_OBJC_MSGSEND = YES;
				GCC_C_LANGUAGE_STANDARD = gnu11;
				GCC_NO_COMMON_BLOCKS = YES;
				GCC_WARN_64_TO_32_BIT_CONVERSION = YES;
				GCC_WARN_ABOUT_RETURN_TYPE = YES_ERROR;
				GCC_WARN_UNDECLARED_SELECTOR = YES;
				GCC_WARN_UNINITIALIZED_AUTOS = YES_AGGRESSIVE;
				GCC_WARN_UNUSED_FUNCTION = YES;
				GCC_WARN_UNUSED_VARIABLE = YES;
				IPHONEOS_DEPLOYMENT_TARGET = 14.4;
				MTL_ENABLE_DEBUG_INFO = NO;
				MTL_FAST_MATH = YES;
				SDKROOT = iphoneos;
				SWIFT_COMPILATION_MODE = wholemodule;
				SWIFT_OPTIMIZATION_LEVEL = "-O";
				VALIDATE_PRODUCT = YES;
			};
			name = Release;
		};
		53C4598C26112D31002CE034 /* Debug */ = {
			isa = XCBuildConfiguration;
			buildSettings = {
				ASSETCATALOG_COMPILER_APPICON_NAME = AppIcon;
				ASSETCATALOG_COMPILER_GLOBAL_ACCENT_COLOR_NAME = AccentColor;
				CODE_SIGN_STYLE = Automatic;
				DEVELOPMENT_ASSET_PATHS = "\"CovidApp/Preview Content\"";
				DEVELOPMENT_TEAM = 59266NU798;
				ENABLE_PREVIEWS = YES;
				INFOPLIST_FILE = CovidApp/Info.plist;
				IPHONEOS_DEPLOYMENT_TARGET = 14.0;
				LD_RUNPATH_SEARCH_PATHS = (
					"$(inherited)",
					"@executable_path/Frameworks",
				);
				PRODUCT_BUNDLE_IDENTIFIER = A01400672.CovidApp;
				PRODUCT_NAME = "$(TARGET_NAME)";
				SWIFT_VERSION = 5.0;
				TARGETED_DEVICE_FAMILY = "1,2";
			};
			name = Debug;
		};
		53C4598D26112D31002CE034 /* Release */ = {
			isa = XCBuildConfiguration;
			buildSettings = {
				ASSETCATALOG_COMPILER_APPICON_NAME = AppIcon;
				ASSETCATALOG_COMPILER_GLOBAL_ACCENT_COLOR_NAME = AccentColor;
				CODE_SIGN_STYLE = Automatic;
				DEVELOPMENT_ASSET_PATHS = "\"CovidApp/Preview Content\"";
				DEVELOPMENT_TEAM = 59266NU798;
				ENABLE_PREVIEWS = YES;
				INFOPLIST_FILE = CovidApp/Info.plist;
				IPHONEOS_DEPLOYMENT_TARGET = 14.0;
				LD_RUNPATH_SEARCH_PATHS = (
					"$(inherited)",
					"@executable_path/Frameworks",
				);
				PRODUCT_BUNDLE_IDENTIFIER = A01400672.CovidApp;
				PRODUCT_NAME = "$(TARGET_NAME)";
				SWIFT_VERSION = 5.0;
				TARGETED_DEVICE_FAMILY = "1,2";
			};
			name = Release;
		};
/* End XCBuildConfiguration section */

/* Begin XCConfigurationList section */
		53C4597726112D30002CE034 /* Build configuration list for PBXProject "CovidApp" */ = {
			isa = XCConfigurationList;
			buildConfigurations = (
				53C4598926112D31002CE034 /* Debug */,
				53C4598A26112D31002CE034 /* Release */,
			);
			defaultConfigurationIsVisible = 0;
			defaultConfigurationName = Release;
		};
		53C4598B26112D31002CE034 /* Build configuration list for PBXNativeTarget "CovidApp" */ = {
			isa = XCConfigurationList;
			buildConfigurations = (
				53C4598C26112D31002CE034 /* Debug */,
				53C4598D26112D31002CE034 /* Release */,
			);
			defaultConfigurationIsVisible = 0;
			defaultConfigurationName = Release;
		};
/* End XCConfigurationList section */

/* Begin XCRemoteSwiftPackageReference section */
		53C4599026112E5B002CE034 /* XCRemoteSwiftPackageReference "Alamofire" */ = {
			isa = XCRemoteSwiftPackageReference;
			repositoryURL = "https://github.com/Alamofire/Alamofire.git";
			requirement = {
				kind = upToNextMajorVersion;
				minimumVersion = 5.4.1;
			};
		};
		53C4599426112F58002CE034 /* XCRemoteSwiftPackageReference "SwiftyJSON" */ = {
			isa = XCRemoteSwiftPackageReference;
			repositoryURL = "https://github.com/SwiftyJSON/SwiftyJSON.git";
			requirement = {
				kind = upToNextMajorVersion;
				minimumVersion = 5.0.1;
			};
		};
		53C4599826112FCC002CE034 /* XCRemoteSwiftPackageReference "Kingfisher" */ = {
			isa = XCRemoteSwiftPackageReference;
			repositoryURL = "https://github.com/onevcat/Kingfisher.git";
			requirement = {
				kind = upToNextMajorVersion;
				minimumVersion = 6.2.1;
			};
		};
		53C4599C26112FF3002CE034 /* XCRemoteSwiftPackageReference "ChartView" */ = {
			isa = XCRemoteSwiftPackageReference;
			repositoryURL = "https://github.com/AppPear/ChartView";
			requirement = {
				kind = upToNextMajorVersion;
				minimumVersion = 1.5.5;
			};
		};
/* End XCRemoteSwiftPackageReference section */

/* Begin XCSwiftPackageProductDependency section */
		53C4599126112E5B002CE034 /* Alamofire */ = {
			isa = XCSwiftPackageProductDependency;
			package = 53C4599026112E5B002CE034 /* XCRemoteSwiftPackageReference "Alamofire" */;
			productName = Alamofire;
		};
		53C4599526112F58002CE034 /* SwiftyJSON */ = {
			isa = XCSwiftPackageProductDependency;
			package = 53C4599426112F58002CE034 /* XCRemoteSwiftPackageReference "SwiftyJSON" */;
			productName = SwiftyJSON;
		};
		53C4599926112FCC002CE034 /* Kingfisher */ = {
			isa = XCSwiftPackageProductDependency;
			package = 53C4599826112FCC002CE034 /* XCRemoteSwiftPackageReference "Kingfisher" */;
			productName = Kingfisher;
		};
		53C4599D26112FF3002CE034 /* SwiftUICharts */ = {
			isa = XCSwiftPackageProductDependency;
			package = 53C4599C26112FF3002CE034 /* XCRemoteSwiftPackageReference "ChartView" */;
			productName = SwiftUICharts;
		};
/* End XCSwiftPackageProductDependency section */
	};
	rootObject = 53C4597426112D30002CE034 /* Project object */;
}
